// !$*UTF8*$!
{
	archiveVersion = 1;
	classes = {
	};
	objectVersion = 50;
	objects = {

/* Begin PBXBuildFile section */
		6E8C3DB224582E88004C08B1 /* ZPSDK.framework in Frameworks */ = {isa = PBXBuildFile; fileRef = 6E8C3DA824582E88004C08B1 /* ZPSDK.framework */; };
		6E8C3DB724582E88004C08B1 /* ZPSDKTests.m in Sources */ = {isa = PBXBuildFile; fileRef = 6E8C3DB624582E88004C08B1 /* ZPSDKTests.m */; };
		6E8C3DB924582E88004C08B1 /* ZPSDK.h in Headers */ = {isa = PBXBuildFile; fileRef = 6E8C3DAB24582E88004C08B1 /* ZPSDK.h */; settings = {ATTRIBUTES = (Public, ); }; };
		6E8C3E0D2458319C004C08B1 /* Network.h in Headers */ = {isa = PBXBuildFile; fileRef = 6E8C3E0B2458319C004C08B1 /* Network.h */; };
		6E8C3E0E2458319C004C08B1 /* Network.m in Sources */ = {isa = PBXBuildFile; fileRef = 6E8C3E0C2458319C004C08B1 /* Network.m */; };
		6E8C3E1924583385004C08B1 /* ZPApi.h in Headers */ = {isa = PBXBuildFile; fileRef = 6E8C3E1724583385004C08B1 /* ZPApi.h */; settings = {ATTRIBUTES = (Public, ); }; };
		6E8C3E1A24583385004C08B1 /* ZPApi.m in Sources */ = {isa = PBXBuildFile; fileRef = 6E8C3E1824583385004C08B1 /* ZPApi.m */; };
		6E8C3E21245834BB004C08B1 /* ZPBaseRequest.h in Headers */ = {isa = PBXBuildFile; fileRef = 6E8C3E1F245834BB004C08B1 /* ZPBaseRequest.h */; settings = {ATTRIBUTES = (Public, ); }; };
		6E8C3E22245834BB004C08B1 /* ZPBaseRequest.m in Sources */ = {isa = PBXBuildFile; fileRef = 6E8C3E20245834BB004C08B1 /* ZPBaseRequest.m */; };
		6E8C3E25245834EC004C08B1 /* ZPBaseRespones.h in Headers */ = {isa = PBXBuildFile; fileRef = 6E8C3E23245834EC004C08B1 /* ZPBaseRespones.h */; settings = {ATTRIBUTES = (Public, ); }; };
		6E8C3E26245834EC004C08B1 /* ZPBaseRespones.m in Sources */ = {isa = PBXBuildFile; fileRef = 6E8C3E24245834EC004C08B1 /* ZPBaseRespones.m */; };
		6E9C5F12245A5AE300D81A4E /* ZPAuthModel.h in Headers */ = {isa = PBXBuildFile; fileRef = 6E9C5F10245A5AE300D81A4E /* ZPAuthModel.h */; };
		6E9C5F13245A5AE300D81A4E /* ZPAuthModel.m in Sources */ = {isa = PBXBuildFile; fileRef = 6E9C5F11245A5AE300D81A4E /* ZPAuthModel.m */; };
		6E9C5F1A245A71F500D81A4E /* NSObject+Sign.m in Sources */ = {isa = PBXBuildFile; fileRef = 6E9C5F16245A71F500D81A4E /* NSObject+Sign.m */; };
		6E9C5F1B245A71F500D81A4E /* NSString+Base64.m in Sources */ = {isa = PBXBuildFile; fileRef = 6E9C5F17245A71F500D81A4E /* NSString+Base64.m */; };
		6E9C5F1C245A71F500D81A4E /* NSString+Base64.h in Headers */ = {isa = PBXBuildFile; fileRef = 6E9C5F18245A71F500D81A4E /* NSString+Base64.h */; };
		6E9C5F1D245A71F500D81A4E /* NSObject+Sign.h in Headers */ = {isa = PBXBuildFile; fileRef = 6E9C5F19245A71F500D81A4E /* NSObject+Sign.h */; };
		6E9C5F25245A731E00D81A4E /* NSDictionary+FuYanParamaters.h in Headers */ = {isa = PBXBuildFile; fileRef = 6E9C5F20245A731E00D81A4E /* NSDictionary+FuYanParamaters.h */; };
		6E9C5F26245A731E00D81A4E /* NSDictionary+FuYanParamaters.m in Sources */ = {isa = PBXBuildFile; fileRef = 6E9C5F21245A731E00D81A4E /* NSDictionary+FuYanParamaters.m */; };
		6E9C5F27245A731E00D81A4E /* NSString+FuYanEncode.h in Headers */ = {isa = PBXBuildFile; fileRef = 6E9C5F23245A731E00D81A4E /* NSString+FuYanEncode.h */; };
		6E9C5F28245A731E00D81A4E /* NSString+FuYanEncode.m in Sources */ = {isa = PBXBuildFile; fileRef = 6E9C5F24245A731E00D81A4E /* NSString+FuYanEncode.m */; };
		6E9C5F2B245A737B00D81A4E /* NSString+extend.h in Headers */ = {isa = PBXBuildFile; fileRef = 6E9C5F29245A737B00D81A4E /* NSString+extend.h */; };
		6E9C5F2C245A737B00D81A4E /* NSString+extend.m in Sources */ = {isa = PBXBuildFile; fileRef = 6E9C5F2A245A737B00D81A4E /* NSString+extend.m */; };
		6E9C5F47245AC1C300D81A4E /* ZPAuthRespones.h in Headers */ = {isa = PBXBuildFile; fileRef = 6E9C5F45245AC1C300D81A4E /* ZPAuthRespones.h */; settings = {ATTRIBUTES = (Public, ); }; };
		6E9C5F48245AC1C300D81A4E /* ZPAuthRespones.m in Sources */ = {isa = PBXBuildFile; fileRef = 6E9C5F46245AC1C300D81A4E /* ZPAuthRespones.m */; };
		6E9C5F4B245AC1CE00D81A4E /* ZPShareRespones.h in Headers */ = {isa = PBXBuildFile; fileRef = 6E9C5F49245AC1CE00D81A4E /* ZPShareRespones.h */; };
		6E9C5F4C245AC1CE00D81A4E /* ZPShareRespones.m in Sources */ = {isa = PBXBuildFile; fileRef = 6E9C5F4A245AC1CE00D81A4E /* ZPShareRespones.m */; };
		6EC6BDEB2459193E002C96B9 /* MiddleViewController.h in Headers */ = {isa = PBXBuildFile; fileRef = 6EC6BDE92459193E002C96B9 /* MiddleViewController.h */; };
		6EC6BDEC2459193E002C96B9 /* MiddleViewController.m in Sources */ = {isa = PBXBuildFile; fileRef = 6EC6BDEA2459193E002C96B9 /* MiddleViewController.m */; };
		6EC6BDFD24595F2B002C96B9 /* ZPAuthReuest.h in Headers */ = {isa = PBXBuildFile; fileRef = 6EC6BDFB24595F2B002C96B9 /* ZPAuthReuest.h */; settings = {ATTRIBUTES = (Public, ); }; };
		6EC6BDFE24595F2B002C96B9 /* ZPAuthReuest.m in Sources */ = {isa = PBXBuildFile; fileRef = 6EC6BDFC24595F2B002C96B9 /* ZPAuthReuest.m */; };
		6EC6BE0124595F35002C96B9 /* ZPShareRequest.h in Headers */ = {isa = PBXBuildFile; fileRef = 6EC6BDFF24595F35002C96B9 /* ZPShareRequest.h */; settings = {ATTRIBUTES = (Public, ); }; };
		6EC6BE0224595F35002C96B9 /* ZPShareRequest.m in Sources */ = {isa = PBXBuildFile; fileRef = 6EC6BE0024595F35002C96B9 /* ZPShareRequest.m */; };
		6EC6BE0E245982A0002C96B9 /* Tools.h in Headers */ = {isa = PBXBuildFile; fileRef = 6EC6BE0C245982A0002C96B9 /* Tools.h */; };
		6EC6BE0F245982A0002C96B9 /* Tools.m in Sources */ = {isa = PBXBuildFile; fileRef = 6EC6BE0D245982A0002C96B9 /* Tools.m */; };
		D010D20E305580F2CDC6F0E4 /* Pods_ZPSDK.framework in Frameworks */ = {isa = PBXBuildFile; fileRef = F992D575B5D464E3EA22D49D /* Pods_ZPSDK.framework */; };
/* End PBXBuildFile section */

/* Begin PBXContainerItemProxy section */
		6E8C3DB324582E88004C08B1 /* PBXContainerItemProxy */ = {
			isa = PBXContainerItemProxy;
			containerPortal = 6E8C3D9F24582E88004C08B1 /* Project object */;
			proxyType = 1;
			remoteGlobalIDString = 6E8C3DA724582E88004C08B1;
			remoteInfo = ZPSDK;
		};
/* End PBXContainerItemProxy section */

/* Begin PBXFileReference section */
		115569607C5F8820037E8F33 /* Pods-ZPSDK.release.xcconfig */ = {isa = PBXFileReference; includeInIndex = 1; lastKnownFileType = text.xcconfig; name = "Pods-ZPSDK.release.xcconfig"; path = "Target Support Files/Pods-ZPSDK/Pods-ZPSDK.release.xcconfig"; sourceTree = "<group>"; };
		6E8C3DA824582E88004C08B1 /* ZPSDK.framework */ = {isa = PBXFileReference; explicitFileType = wrapper.framework; includeInIndex = 0; path = ZPSDK.framework; sourceTree = BUILT_PRODUCTS_DIR; };
		6E8C3DAB24582E88004C08B1 /* ZPSDK.h */ = {isa = PBXFileReference; lastKnownFileType = sourcecode.c.h; path = ZPSDK.h; sourceTree = "<group>"; };
		6E8C3DAC24582E88004C08B1 /* Info.plist */ = {isa = PBXFileReference; lastKnownFileType = text.plist.xml; path = Info.plist; sourceTree = "<group>"; };
		6E8C3DB124582E88004C08B1 /* ZPSDKTests.xctest */ = {isa = PBXFileReference; explicitFileType = wrapper.cfbundle; includeInIndex = 0; path = ZPSDKTests.xctest; sourceTree = BUILT_PRODUCTS_DIR; };
		6E8C3DB624582E88004C08B1 /* ZPSDKTests.m */ = {isa = PBXFileReference; lastKnownFileType = sourcecode.c.objc; path = ZPSDKTests.m; sourceTree = "<group>"; };
		6E8C3DB824582E88004C08B1 /* Info.plist */ = {isa = PBXFileReference; lastKnownFileType = text.plist.xml; path = Info.plist; sourceTree = "<group>"; };
		6E8C3E0B2458319C004C08B1 /* Network.h */ = {isa = PBXFileReference; lastKnownFileType = sourcecode.c.h; path = Network.h; sourceTree = "<group>"; };
		6E8C3E0C2458319C004C08B1 /* Network.m */ = {isa = PBXFileReference; lastKnownFileType = sourcecode.c.objc; path = Network.m; sourceTree = "<group>"; };
		6E8C3E1724583385004C08B1 /* ZPApi.h */ = {isa = PBXFileReference; lastKnownFileType = sourcecode.c.h; path = ZPApi.h; sourceTree = "<group>"; };
		6E8C3E1824583385004C08B1 /* ZPApi.m */ = {isa = PBXFileReference; lastKnownFileType = sourcecode.c.objc; path = ZPApi.m; sourceTree = "<group>"; };
		6E8C3E1F245834BB004C08B1 /* ZPBaseRequest.h */ = {isa = PBXFileReference; lastKnownFileType = sourcecode.c.h; path = ZPBaseRequest.h; sourceTree = "<group>"; };
		6E8C3E20245834BB004C08B1 /* ZPBaseRequest.m */ = {isa = PBXFileReference; lastKnownFileType = sourcecode.c.objc; path = ZPBaseRequest.m; sourceTree = "<group>"; };
		6E8C3E23245834EC004C08B1 /* ZPBaseRespones.h */ = {isa = PBXFileReference; lastKnownFileType = sourcecode.c.h; path = ZPBaseRespones.h; sourceTree = "<group>"; };
		6E8C3E24245834EC004C08B1 /* ZPBaseRespones.m */ = {isa = PBXFileReference; lastKnownFileType = sourcecode.c.objc; path = ZPBaseRespones.m; sourceTree = "<group>"; };
		6E9C5F10245A5AE300D81A4E /* ZPAuthModel.h */ = {isa = PBXFileReference; lastKnownFileType = sourcecode.c.h; path = ZPAuthModel.h; sourceTree = "<group>"; };
		6E9C5F11245A5AE300D81A4E /* ZPAuthModel.m */ = {isa = PBXFileReference; lastKnownFileType = sourcecode.c.objc; path = ZPAuthModel.m; sourceTree = "<group>"; };
		6E9C5F16245A71F500D81A4E /* NSObject+Sign.m */ = {isa = PBXFileReference; fileEncoding = 4; lastKnownFileType = sourcecode.c.objc; path = "NSObject+Sign.m"; sourceTree = "<group>"; };
		6E9C5F17245A71F500D81A4E /* NSString+Base64.m */ = {isa = PBXFileReference; fileEncoding = 4; lastKnownFileType = sourcecode.c.objc; path = "NSString+Base64.m"; sourceTree = "<group>"; };
		6E9C5F18245A71F500D81A4E /* NSString+Base64.h */ = {isa = PBXFileReference; fileEncoding = 4; lastKnownFileType = sourcecode.c.h; path = "NSString+Base64.h"; sourceTree = "<group>"; };
		6E9C5F19245A71F500D81A4E /* NSObject+Sign.h */ = {isa = PBXFileReference; fileEncoding = 4; lastKnownFileType = sourcecode.c.h; path = "NSObject+Sign.h"; sourceTree = "<group>"; };
		6E9C5F20245A731E00D81A4E /* NSDictionary+FuYanParamaters.h */ = {isa = PBXFileReference; fileEncoding = 4; lastKnownFileType = sourcecode.c.h; path = "NSDictionary+FuYanParamaters.h"; sourceTree = "<group>"; };
		6E9C5F21245A731E00D81A4E /* NSDictionary+FuYanParamaters.m */ = {isa = PBXFileReference; fileEncoding = 4; lastKnownFileType = sourcecode.c.objc; path = "NSDictionary+FuYanParamaters.m"; sourceTree = "<group>"; };
		6E9C5F23245A731E00D81A4E /* NSString+FuYanEncode.h */ = {isa = PBXFileReference; fileEncoding = 4; lastKnownFileType = sourcecode.c.h; path = "NSString+FuYanEncode.h"; sourceTree = "<group>"; };
		6E9C5F24245A731E00D81A4E /* NSString+FuYanEncode.m */ = {isa = PBXFileReference; fileEncoding = 4; lastKnownFileType = sourcecode.c.objc; path = "NSString+FuYanEncode.m"; sourceTree = "<group>"; };
		6E9C5F29245A737B00D81A4E /* NSString+extend.h */ = {isa = PBXFileReference; fileEncoding = 4; lastKnownFileType = sourcecode.c.h; path = "NSString+extend.h"; sourceTree = "<group>"; };
		6E9C5F2A245A737B00D81A4E /* NSString+extend.m */ = {isa = PBXFileReference; fileEncoding = 4; lastKnownFileType = sourcecode.c.objc; path = "NSString+extend.m"; sourceTree = "<group>"; };
		6E9C5F45245AC1C300D81A4E /* ZPAuthRespones.h */ = {isa = PBXFileReference; lastKnownFileType = sourcecode.c.h; path = ZPAuthRespones.h; sourceTree = "<group>"; };
		6E9C5F46245AC1C300D81A4E /* ZPAuthRespones.m */ = {isa = PBXFileReference; lastKnownFileType = sourcecode.c.objc; path = ZPAuthRespones.m; sourceTree = "<group>"; };
		6E9C5F49245AC1CE00D81A4E /* ZPShareRespones.h */ = {isa = PBXFileReference; lastKnownFileType = sourcecode.c.h; path = ZPShareRespones.h; sourceTree = "<group>"; };
		6E9C5F4A245AC1CE00D81A4E /* ZPShareRespones.m */ = {isa = PBXFileReference; lastKnownFileType = sourcecode.c.objc; path = ZPShareRespones.m; sourceTree = "<group>"; };
		6EC6BDE92459193E002C96B9 /* MiddleViewController.h */ = {isa = PBXFileReference; lastKnownFileType = sourcecode.c.h; path = MiddleViewController.h; sourceTree = "<group>"; };
		6EC6BDEA2459193E002C96B9 /* MiddleViewController.m */ = {isa = PBXFileReference; lastKnownFileType = sourcecode.c.objc; path = MiddleViewController.m; sourceTree = "<group>"; };
		6EC6BDFB24595F2B002C96B9 /* ZPAuthReuest.h */ = {isa = PBXFileReference; lastKnownFileType = sourcecode.c.h; path = ZPAuthReuest.h; sourceTree = "<group>"; };
		6EC6BDFC24595F2B002C96B9 /* ZPAuthReuest.m */ = {isa = PBXFileReference; lastKnownFileType = sourcecode.c.objc; path = ZPAuthReuest.m; sourceTree = "<group>"; };
		6EC6BDFF24595F35002C96B9 /* ZPShareRequest.h */ = {isa = PBXFileReference; lastKnownFileType = sourcecode.c.h; path = ZPShareRequest.h; sourceTree = "<group>"; };
		6EC6BE0024595F35002C96B9 /* ZPShareRequest.m */ = {isa = PBXFileReference; lastKnownFileType = sourcecode.c.objc; path = ZPShareRequest.m; sourceTree = "<group>"; };
		6EC6BE0C245982A0002C96B9 /* Tools.h */ = {isa = PBXFileReference; lastKnownFileType = sourcecode.c.h; path = Tools.h; sourceTree = "<group>"; };
		6EC6BE0D245982A0002C96B9 /* Tools.m */ = {isa = PBXFileReference; lastKnownFileType = sourcecode.c.objc; path = Tools.m; sourceTree = "<group>"; };
		D503AF719E965FED2741B949 /* Pods-ZPSDK.debug.xcconfig */ = {isa = PBXFileReference; includeInIndex = 1; lastKnownFileType = text.xcconfig; name = "Pods-ZPSDK.debug.xcconfig"; path = "Target Support Files/Pods-ZPSDK/Pods-ZPSDK.debug.xcconfig"; sourceTree = "<group>"; };
		F992D575B5D464E3EA22D49D /* Pods_ZPSDK.framework */ = {isa = PBXFileReference; explicitFileType = wrapper.framework; includeInIndex = 0; path = Pods_ZPSDK.framework; sourceTree = BUILT_PRODUCTS_DIR; };
/* End PBXFileReference section */

/* Begin PBXFrameworksBuildPhase section */
		6E8C3DA524582E88004C08B1 /* Frameworks */ = {
			isa = PBXFrameworksBuildPhase;
			buildActionMask = 2147483647;
			files = (
				D010D20E305580F2CDC6F0E4 /* Pods_ZPSDK.framework in Frameworks */,
			);
			runOnlyForDeploymentPostprocessing = 0;
		};
		6E8C3DAE24582E88004C08B1 /* Frameworks */ = {
			isa = PBXFrameworksBuildPhase;
			buildActionMask = 2147483647;
			files = (
				6E8C3DB224582E88004C08B1 /* ZPSDK.framework in Frameworks */,
			);
			runOnlyForDeploymentPostprocessing = 0;
		};
/* End PBXFrameworksBuildPhase section */

/* Begin PBXGroup section */
		342CBFB8DB8D4DDF31A1BDEA /* Frameworks */ = {
			isa = PBXGroup;
			children = (
				F992D575B5D464E3EA22D49D /* Pods_ZPSDK.framework */,
			);
			name = Frameworks;
			sourceTree = "<group>";
		};
		6E8C3D9E24582E88004C08B1 = {
			isa = PBXGroup;
			children = (
				6E8C3DAA24582E88004C08B1 /* ZPSDK */,
				6E8C3DB524582E88004C08B1 /* ZPSDKTests */,
				6E8C3DA924582E88004C08B1 /* Products */,
				7EDB3696B816776023A664F0 /* Pods */,
				342CBFB8DB8D4DDF31A1BDEA /* Frameworks */,
			);
			sourceTree = "<group>";
		};
		6E8C3DA924582E88004C08B1 /* Products */ = {
			isa = PBXGroup;
			children = (
				6E8C3DA824582E88004C08B1 /* ZPSDK.framework */,
				6E8C3DB124582E88004C08B1 /* ZPSDKTests.xctest */,
			);
			name = Products;
			sourceTree = "<group>";
		};
		6E8C3DAA24582E88004C08B1 /* ZPSDK */ = {
			isa = PBXGroup;
			children = (
				6E8C3E0A24583145004C08B1 /* Classes */,
				6E8C3E042458300D004C08B1 /* Controller */,
				6E8C3E052458300D004C08B1 /* Model */,
				6E8C3E062458300D004C08B1 /* Reource */,
				6E8C3E072458300D004C08B1 /* Service */,
				6E8C3E082458300D004C08B1 /* Tiird */,
				6E8C3E092458300D004C08B1 /* View */,
				6E8C3DAB24582E88004C08B1 /* ZPSDK.h */,
				6E8C3E1F245834BB004C08B1 /* ZPBaseRequest.h */,
				6E8C3E20245834BB004C08B1 /* ZPBaseRequest.m */,
				6E8C3E23245834EC004C08B1 /* ZPBaseRespones.h */,
				6E8C3E24245834EC004C08B1 /* ZPBaseRespones.m */,
				6E8C3E1724583385004C08B1 /* ZPApi.h */,
				6E8C3E1824583385004C08B1 /* ZPApi.m */,
				6EC6BDFB24595F2B002C96B9 /* ZPAuthReuest.h */,
				6EC6BDFC24595F2B002C96B9 /* ZPAuthReuest.m */,
				6EC6BDFF24595F35002C96B9 /* ZPShareRequest.h */,
				6EC6BE0024595F35002C96B9 /* ZPShareRequest.m */,
				6E9C5F45245AC1C300D81A4E /* ZPAuthRespones.h */,
				6E9C5F46245AC1C300D81A4E /* ZPAuthRespones.m */,
				6E9C5F49245AC1CE00D81A4E /* ZPShareRespones.h */,
				6E9C5F4A245AC1CE00D81A4E /* ZPShareRespones.m */,
				6E8C3DAC24582E88004C08B1 /* Info.plist */,
			);
			path = ZPSDK;
			sourceTree = "<group>";
		};
		6E8C3DB524582E88004C08B1 /* ZPSDKTests */ = {
			isa = PBXGroup;
			children = (
				6E8C3DB624582E88004C08B1 /* ZPSDKTests.m */,
				6E8C3DB824582E88004C08B1 /* Info.plist */,
			);
			path = ZPSDKTests;
			sourceTree = "<group>";
		};
		6E8C3E042458300D004C08B1 /* Controller */ = {
			isa = PBXGroup;
			children = (
				6EC6BDE92459193E002C96B9 /* MiddleViewController.h */,
				6EC6BDEA2459193E002C96B9 /* MiddleViewController.m */,
			);
			path = Controller;
			sourceTree = "<group>";
		};
		6E8C3E052458300D004C08B1 /* Model */ = {
			isa = PBXGroup;
			children = (
				6E9C5F10245A5AE300D81A4E /* ZPAuthModel.h */,
				6E9C5F11245A5AE300D81A4E /* ZPAuthModel.m */,
			);
			path = Model;
			sourceTree = "<group>";
		};
		6E8C3E062458300D004C08B1 /* Reource */ = {
			isa = PBXGroup;
			children = (
			);
			path = Reource;
			sourceTree = "<group>";
		};
		6E8C3E072458300D004C08B1 /* Service */ = {
			isa = PBXGroup;
			children = (
				6E8C3E0B2458319C004C08B1 /* Network.h */,
				6E8C3E0C2458319C004C08B1 /* Network.m */,
			);
			path = Service;
			sourceTree = "<group>";
		};
		6E8C3E082458300D004C08B1 /* Tiird */ = {
			isa = PBXGroup;
			children = (
				6E9C5F29245A737B00D81A4E /* NSString+extend.h */,
				6E9C5F2A245A737B00D81A4E /* NSString+extend.m */,
				6E9C5F1E245A731E00D81A4E /* Categories */,
				6E9C5F15245A71F500D81A4E /* Base64+Sign */,
				6EC6BE0C245982A0002C96B9 /* Tools.h */,
				6EC6BE0D245982A0002C96B9 /* Tools.m */,
			);
			path = Tiird;
			sourceTree = "<group>";
		};
		6E8C3E092458300D004C08B1 /* View */ = {
			isa = PBXGroup;
			children = (
			);
			path = View;
			sourceTree = "<group>";
		};
		6E8C3E0A24583145004C08B1 /* Classes */ = {
			isa = PBXGroup;
			children = (
			);
			path = Classes;
			sourceTree = "<group>";
		};
		6E9C5F15245A71F500D81A4E /* Base64+Sign */ = {
			isa = PBXGroup;
			children = (
				6E9C5F19245A71F500D81A4E /* NSObject+Sign.h */,
				6E9C5F16245A71F500D81A4E /* NSObject+Sign.m */,
				6E9C5F18245A71F500D81A4E /* NSString+Base64.h */,
				6E9C5F17245A71F500D81A4E /* NSString+Base64.m */,
			);
			path = "Base64+Sign";
			sourceTree = "<group>";
		};
		6E9C5F1E245A731E00D81A4E /* Categories */ = {
			isa = PBXGroup;
			children = (
				6E9C5F1F245A731E00D81A4E /* NSDictionary+FuYanParamaters */,
				6E9C5F22245A731E00D81A4E /* NSString+Encode */,
			);
			path = Categories;
			sourceTree = "<group>";
		};
		6E9C5F1F245A731E00D81A4E /* NSDictionary+FuYanParamaters */ = {
			isa = PBXGroup;
			children = (
				6E9C5F20245A731E00D81A4E /* NSDictionary+FuYanParamaters.h */,
				6E9C5F21245A731E00D81A4E /* NSDictionary+FuYanParamaters.m */,
			);
			path = "NSDictionary+FuYanParamaters";
			sourceTree = "<group>";
		};
		6E9C5F22245A731E00D81A4E /* NSString+Encode */ = {
			isa = PBXGroup;
			children = (
				6E9C5F23245A731E00D81A4E /* NSString+FuYanEncode.h */,
				6E9C5F24245A731E00D81A4E /* NSString+FuYanEncode.m */,
			);
			path = "NSString+Encode";
			sourceTree = "<group>";
		};
		7EDB3696B816776023A664F0 /* Pods */ = {
			isa = PBXGroup;
			children = (
				D503AF719E965FED2741B949 /* Pods-ZPSDK.debug.xcconfig */,
				115569607C5F8820037E8F33 /* Pods-ZPSDK.release.xcconfig */,
			);
			path = Pods;
			sourceTree = "<group>";
		};
/* End PBXGroup section */

/* Begin PBXHeadersBuildPhase section */
		6E8C3DA324582E88004C08B1 /* Headers */ = {
			isa = PBXHeadersBuildPhase;
			buildActionMask = 2147483647;
			files = (
				6EC6BDEB2459193E002C96B9 /* MiddleViewController.h in Headers */,
				6E9C5F1D245A71F500D81A4E /* NSObject+Sign.h in Headers */,
				6E9C5F27245A731E00D81A4E /* NSString+FuYanEncode.h in Headers */,
				6E8C3E1924583385004C08B1 /* ZPApi.h in Headers */,
				6EC6BE0124595F35002C96B9 /* ZPShareRequest.h in Headers */,
				6E9C5F47245AC1C300D81A4E /* ZPAuthRespones.h in Headers */,
				6EC6BDFD24595F2B002C96B9 /* ZPAuthReuest.h in Headers */,
				6E8C3E21245834BB004C08B1 /* ZPBaseRequest.h in Headers */,
				6E9C5F25245A731E00D81A4E /* NSDictionary+FuYanParamaters.h in Headers */,
				6E8C3E25245834EC004C08B1 /* ZPBaseRespones.h in Headers */,
				6E9C5F2B245A737B00D81A4E /* NSString+extend.h in Headers */,
				6E9C5F4B245AC1CE00D81A4E /* ZPShareRespones.h in Headers */,
				6EC6BE0E245982A0002C96B9 /* Tools.h in Headers */,
				6E8C3DB924582E88004C08B1 /* ZPSDK.h in Headers */,
				6E9C5F12245A5AE300D81A4E /* ZPAuthModel.h in Headers */,
				6E8C3E0D2458319C004C08B1 /* Network.h in Headers */,
				6E9C5F1C245A71F500D81A4E /* NSString+Base64.h in Headers */,
			);
			runOnlyForDeploymentPostprocessing = 0;
		};
/* End PBXHeadersBuildPhase section */

/* Begin PBXNativeTarget section */
		6E8C3DA724582E88004C08B1 /* ZPSDK */ = {
			isa = PBXNativeTarget;
			buildConfigurationList = 6E8C3DBC24582E88004C08B1 /* Build configuration list for PBXNativeTarget "ZPSDK" */;
			buildPhases = (
				7A4CE996F6437223CBF78FD8 /* [CP] Check Pods Manifest.lock */,
				6E8C3DA324582E88004C08B1 /* Headers */,
				6E8C3DA424582E88004C08B1 /* Sources */,
				6E8C3DA524582E88004C08B1 /* Frameworks */,
				6E8C3DA624582E88004C08B1 /* Resources */,
				6E8C3E0324582F24004C08B1 /* ShellScript */,
			);
			buildRules = (
			);
			dependencies = (
			);
			name = ZPSDK;
			productName = ZPSDK;
			productReference = 6E8C3DA824582E88004C08B1 /* ZPSDK.framework */;
			productType = "com.apple.product-type.framework";
		};
		6E8C3DB024582E88004C08B1 /* ZPSDKTests */ = {
			isa = PBXNativeTarget;
			buildConfigurationList = 6E8C3DBF24582E88004C08B1 /* Build configuration list for PBXNativeTarget "ZPSDKTests" */;
			buildPhases = (
				6E8C3DAD24582E88004C08B1 /* Sources */,
				6E8C3DAE24582E88004C08B1 /* Frameworks */,
				6E8C3DAF24582E88004C08B1 /* Resources */,
			);
			buildRules = (
			);
			dependencies = (
				6E8C3DB424582E88004C08B1 /* PBXTargetDependency */,
			);
			name = ZPSDKTests;
			productName = ZPSDKTests;
			productReference = 6E8C3DB124582E88004C08B1 /* ZPSDKTests.xctest */;
			productType = "com.apple.product-type.bundle.unit-test";
		};
/* End PBXNativeTarget section */

/* Begin PBXProject section */
		6E8C3D9F24582E88004C08B1 /* Project object */ = {
			isa = PBXProject;
			attributes = {
				LastUpgradeCheck = 1130;
				ORGANIZATIONNAME = zhangpeng;
				TargetAttributes = {
					6E8C3DA724582E88004C08B1 = {
						CreatedOnToolsVersion = 11.3.1;
					};
					6E8C3DB024582E88004C08B1 = {
						CreatedOnToolsVersion = 11.3.1;
					};
				};
			};
			buildConfigurationList = 6E8C3DA224582E88004C08B1 /* Build configuration list for PBXProject "ZPSDK" */;
			compatibilityVersion = "Xcode 9.3";
			developmentRegion = en;
			hasScannedForEncodings = 0;
			knownRegions = (
				en,
				Base,
			);
			mainGroup = 6E8C3D9E24582E88004C08B1;
			productRefGroup = 6E8C3DA924582E88004C08B1 /* Products */;
			projectDirPath = "";
			projectRoot = "";
			targets = (
				6E8C3DA724582E88004C08B1 /* ZPSDK */,
				6E8C3DB024582E88004C08B1 /* ZPSDKTests */,
			);
		};
/* End PBXProject section */

/* Begin PBXResourcesBuildPhase section */
		6E8C3DA624582E88004C08B1 /* Resources */ = {
			isa = PBXResourcesBuildPhase;
			buildActionMask = 2147483647;
			files = (
			);
			runOnlyForDeploymentPostprocessing = 0;
		};
		6E8C3DAF24582E88004C08B1 /* Resources */ = {
			isa = PBXResourcesBuildPhase;
			buildActionMask = 2147483647;
			files = (
			);
			runOnlyForDeploymentPostprocessing = 0;
		};
/* End PBXResourcesBuildPhase section */

/* Begin PBXShellScriptBuildPhase section */
		6E8C3E0324582F24004C08B1 /* ShellScript */ = {
			isa = PBXShellScriptBuildPhase;
			buildActionMask = 2147483647;
			files = (
			);
			inputFileListPaths = (
			);
			inputPaths = (
			);
			outputFileListPaths = (
			);
			outputPaths = (
			);
			runOnlyForDeploymentPostprocessing = 0;
			shellPath = /bin/sh;
			shellScript = "# Type a script or drag a script file from your workspace to insert its path.\nTARGET_NAME=${PROJECT_NAME}\nOUTPUT_DIR=${SRCROOT}/Products/${TARGET_NAME}.framework\nDEVICE_DIR=${BUILD_ROOT}/${CONFIGURATION}-iphoneos/${TARGET_NAME}.framework\nSIMULATOR_DIR=${BUILD_ROOT}/${CONFIGURATION}-iphonesimulator/${TARGET_NAME}.framework\n\nif [ -d \"${OUTPUT_DIR}\" ]\nthen\nrm -rf \"${OUTPUT_DIR}\"\nfi\n\nmkdir -p \"${OUTPUT_DIR}\"\ncp -R \"${DEVICE_DIR}/\" \"${OUTPUT_DIR}/\"\n\nlipo -create \"${DEVICE_DIR}/${TARGET_NAME}\" \"${SIMULATOR_DIR}/${TARGET_NAME}\" -output \"${OUTPUT_DIR}/${TARGET_NAME}\"\n\nopen \"${SRCROOT}/Products\"\n";
		};
		7A4CE996F6437223CBF78FD8 /* [CP] Check Pods Manifest.lock */ = {
			isa = PBXShellScriptBuildPhase;
			buildActionMask = 2147483647;
			files = (
			);
			inputFileListPaths = (
			);
			inputPaths = (
				"${PODS_PODFILE_DIR_PATH}/Podfile.lock",
				"${PODS_ROOT}/Manifest.lock",
			);
			name = "[CP] Check Pods Manifest.lock";
			outputFileListPaths = (
			);
			outputPaths = (
				"$(DERIVED_FILE_DIR)/Pods-ZPSDK-checkManifestLockResult.txt",
			);
			runOnlyForDeploymentPostprocessing = 0;
			shellPath = /bin/sh;
			shellScript = "diff \"${PODS_PODFILE_DIR_PATH}/Podfile.lock\" \"${PODS_ROOT}/Manifest.lock\" > /dev/null\nif [ $? != 0 ] ; then\n    # print error to STDERR\n    echo \"error: The sandbox is not in sync with the Podfile.lock. Run 'pod install' or update your CocoaPods installation.\" >&2\n    exit 1\nfi\n# This output is used by Xcode 'outputs' to avoid re-running this script phase.\necho \"SUCCESS\" > \"${SCRIPT_OUTPUT_FILE_0}\"\n";
			showEnvVarsInLog = 0;
		};
/* End PBXShellScriptBuildPhase section */

/* Begin PBXSourcesBuildPhase section */
		6E8C3DA424582E88004C08B1 /* Sources */ = {
			isa = PBXSourcesBuildPhase;
			buildActionMask = 2147483647;
			files = (
				6E8C3E0E2458319C004C08B1 /* Network.m in Sources */,
				6EC6BDFE24595F2B002C96B9 /* ZPAuthReuest.m in Sources */,
				6E9C5F26245A731E00D81A4E /* NSDictionary+FuYanParamaters.m in Sources */,
				6E8C3E1A24583385004C08B1 /* ZPApi.m in Sources */,
				6E9C5F13245A5AE300D81A4E /* ZPAuthModel.m in Sources */,
				6EC6BE0F245982A0002C96B9 /* Tools.m in Sources */,
				6EC6BE0224595F35002C96B9 /* ZPShareRequest.m in Sources */,
				6E9C5F2C245A737B00D81A4E /* NSString+extend.m in Sources */,
				6E9C5F4C245AC1CE00D81A4E /* ZPShareRespones.m in Sources */,
				6E9C5F28245A731E00D81A4E /* NSString+FuYanEncode.m in Sources */,
				6E9C5F1B245A71F500D81A4E /* NSString+Base64.m in Sources */,
				6EC6BDEC2459193E002C96B9 /* MiddleViewController.m in Sources */,
				6E8C3E22245834BB004C08B1 /* ZPBaseRequest.m in Sources */,
				6E9C5F1A245A71F500D81A4E /* NSObject+Sign.m in Sources */,
				6E9C5F48245AC1C300D81A4E /* ZPAuthRespones.m in Sources */,
				6E8C3E26245834EC004C08B1 /* ZPBaseRespones.m in Sources */,
			);
			runOnlyForDeploymentPostprocessing = 0;
		};
		6E8C3DAD24582E88004C08B1 /* Sources */ = {
			isa = PBXSourcesBuildPhase;
			buildActionMask = 2147483647;
			files = (
				6E8C3DB724582E88004C08B1 /* ZPSDKTests.m in Sources */,
			);
			runOnlyForDeploymentPostprocessing = 0;
		};
/* End PBXSourcesBuildPhase section */

/* Begin PBXTargetDependency section */
		6E8C3DB424582E88004C08B1 /* PBXTargetDependency */ = {
			isa = PBXTargetDependency;
			target = 6E8C3DA724582E88004C08B1 /* ZPSDK */;
			targetProxy = 6E8C3DB324582E88004C08B1 /* PBXContainerItemProxy */;
		};
/* End PBXTargetDependency section */

/* Begin XCBuildConfiguration section */
		6E8C3DBA24582E88004C08B1 /* Debug */ = {
			isa = XCBuildConfiguration;
			buildSettings = {
				ALWAYS_SEARCH_USER_PATHS = NO;
				CLANG_ANALYZER_NONNULL = YES;
				CLANG_ANALYZER_NUMBER_OBJECT_CONVERSION = YES_AGGRESSIVE;
				CLANG_CXX_LANGUAGE_STANDARD = "gnu++14";
				CLANG_CXX_LIBRARY = "libc++";
				CLANG_ENABLE_MODULES = YES;
				CLANG_ENABLE_OBJC_ARC = YES;
				CLANG_ENABLE_OBJC_WEAK = YES;
				CLANG_WARN_BLOCK_CAPTURE_AUTORELEASING = YES;
				CLANG_WARN_BOOL_CONVERSION = YES;
				CLANG_WARN_COMMA = YES;
				CLANG_WARN_CONSTANT_CONVERSION = YES;
				CLANG_WARN_DEPRECATED_OBJC_IMPLEMENTATIONS = YES;
				CLANG_WARN_DIRECT_OBJC_ISA_USAGE = YES_ERROR;
				CLANG_WARN_DOCUMENTATION_COMMENTS = YES;
				CLANG_WARN_EMPTY_BODY = YES;
				CLANG_WARN_ENUM_CONVERSION = YES;
				CLANG_WARN_INFINITE_RECURSION = YES;
				CLANG_WARN_INT_CONVERSION = YES;
				CLANG_WARN_NON_LITERAL_NULL_CONVERSION = YES;
				CLANG_WARN_OBJC_IMPLICIT_RETAIN_SELF = YES;
				CLANG_WARN_OBJC_LITERAL_CONVERSION = YES;
				CLANG_WARN_OBJC_ROOT_CLASS = YES_ERROR;
				CLANG_WARN_RANGE_LOOP_ANALYSIS = YES;
				CLANG_WARN_STRICT_PROTOTYPES = YES;
				CLANG_WARN_SUSPICIOUS_MOVE = YES;
				CLANG_WARN_UNGUARDED_AVAILABILITY = YES_AGGRESSIVE;
				CLANG_WARN_UNREACHABLE_CODE = YES;
				CLANG_WARN__DUPLICATE_METHOD_MATCH = YES;
				COPY_PHASE_STRIP = NO;
				CURRENT_PROJECT_VERSION = 1;
				DEBUG_INFORMATION_FORMAT = dwarf;
				ENABLE_STRICT_OBJC_MSGSEND = YES;
				ENABLE_TESTABILITY = YES;
				GCC_C_LANGUAGE_STANDARD = gnu11;
				GCC_DYNAMIC_NO_PIC = NO;
				GCC_NO_COMMON_BLOCKS = YES;
				GCC_OPTIMIZATION_LEVEL = 0;
				GCC_PREPROCESSOR_DEFINITIONS = (
					"DEBUG=1",
					"$(inherited)",
				);
				GCC_WARN_64_TO_32_BIT_CONVERSION = YES;
				GCC_WARN_ABOUT_RETURN_TYPE = YES_ERROR;
				GCC_WARN_UNDECLARED_SELECTOR = YES;
				GCC_WARN_UNINITIALIZED_AUTOS = YES_AGGRESSIVE;
				GCC_WARN_UNUSED_FUNCTION = YES;
				GCC_WARN_UNUSED_VARIABLE = YES;
				IPHONEOS_DEPLOYMENT_TARGET = 8.0;
				MTL_ENABLE_DEBUG_INFO = INCLUDE_SOURCE;
				MTL_FAST_MATH = YES;
				ONLY_ACTIVE_ARCH = YES;
				SDKROOT = iphoneos;
				VERSIONING_SYSTEM = "apple-generic";
				VERSION_INFO_PREFIX = "";
			};
			name = Debug;
		};
		6E8C3DBB24582E88004C08B1 /* Release */ = {
			isa = XCBuildConfiguration;
			buildSettings = {
				ALWAYS_SEARCH_USER_PATHS = NO;
				CLANG_ANALYZER_NONNULL = YES;
				CLANG_ANALYZER_NUMBER_OBJECT_CONVERSION = YES_AGGRESSIVE;
				CLANG_CXX_LANGUAGE_STANDARD = "gnu++14";
				CLANG_CXX_LIBRARY = "libc++";
				CLANG_ENABLE_MODULES = YES;
				CLANG_ENABLE_OBJC_ARC = YES;
				CLANG_ENABLE_OBJC_WEAK = YES;
				CLANG_WARN_BLOCK_CAPTURE_AUTORELEASING = YES;
				CLANG_WARN_BOOL_CONVERSION = YES;
				CLANG_WARN_COMMA = YES;
				CLANG_WARN_CONSTANT_CONVERSION = YES;
				CLANG_WARN_DEPRECATED_OBJC_IMPLEMENTATIONS = YES;
				CLANG_WARN_DIRECT_OBJC_ISA_USAGE = YES_ERROR;
				CLANG_WARN_DOCUMENTATION_COMMENTS = YES;
				CLANG_WARN_EMPTY_BODY = YES;
				CLANG_WARN_ENUM_CONVERSION = YES;
				CLANG_WARN_INFINITE_RECURSION = YES;
				CLANG_WARN_INT_CONVERSION = YES;
				CLANG_WARN_NON_LITERAL_NULL_CONVERSION = YES;
				CLANG_WARN_OBJC_IMPLICIT_RETAIN_SELF = YES;
				CLANG_WARN_OBJC_LITERAL_CONVERSION = YES;
				CLANG_WARN_OBJC_ROOT_CLASS = YES_ERROR;
				CLANG_WARN_RANGE_LOOP_ANALYSIS = YES;
				CLANG_WARN_STRICT_PROTOTYPES = YES;
				CLANG_WARN_SUSPICIOUS_MOVE = YES;
				CLANG_WARN_UNGUARDED_AVAILABILITY = YES_AGGRESSIVE;
				CLANG_WARN_UNREACHABLE_CODE = YES;
				CLANG_WARN__DUPLICATE_METHOD_MATCH = YES;
				COPY_PHASE_STRIP = NO;
				CURRENT_PROJECT_VERSION = 1;
				DEBUG_INFORMATION_FORMAT = "dwarf-with-dsym";
				ENABLE_NS_ASSERTIONS = NO;
				ENABLE_STRICT_OBJC_MSGSEND = YES;
				GCC_C_LANGUAGE_STANDARD = gnu11;
				GCC_NO_COMMON_BLOCKS = YES;
				GCC_WARN_64_TO_32_BIT_CONVERSION = YES;
				GCC_WARN_ABOUT_RETURN_TYPE = YES_ERROR;
				GCC_WARN_UNDECLARED_SELECTOR = YES;
				GCC_WARN_UNINITIALIZED_AUTOS = YES_AGGRESSIVE;
				GCC_WARN_UNUSED_FUNCTION = YES;
				GCC_WARN_UNUSED_VARIABLE = YES;
				IPHONEOS_DEPLOYMENT_TARGET = 8.0;
				MTL_ENABLE_DEBUG_INFO = NO;
				MTL_FAST_MATH = YES;
				SDKROOT = iphoneos;
				VALIDATE_PRODUCT = YES;
				VERSIONING_SYSTEM = "apple-generic";
				VERSION_INFO_PREFIX = "";
			};
			name = Release;
		};
		6E8C3DBD24582E88004C08B1 /* Debug */ = {
			isa = XCBuildConfiguration;
			baseConfigurationReference = D503AF719E965FED2741B949 /* Pods-ZPSDK.debug.xcconfig */;
			buildSettings = {
				CODE_SIGN_STYLE = Automatic;
				DEFINES_MODULE = YES;
				DEVELOPMENT_TEAM = 999V8C9JF7;
				DYLIB_COMPATIBILITY_VERSION = 1;
				DYLIB_CURRENT_VERSION = 1;
				DYLIB_INSTALL_NAME_BASE = "@rpath";
				INFOPLIST_FILE = ZPSDK/Info.plist;
				INSTALL_PATH = "$(LOCAL_LIBRARY_DIR)/Frameworks";
				LD_RUNPATH_SEARCH_PATHS = (
					"$(inherited)",
					"@executable_path/Frameworks",
					"@loader_path/Frameworks",
				);
				MACH_O_TYPE = staticlib;
				ONLY_ACTIVE_ARCH = NO;
				OTHER_LDFLAGS = "-ObjC";
				PRODUCT_BUNDLE_IDENTIFIER = com.zhangpengtechnology.ZPSDK;
				PRODUCT_NAME = "$(TARGET_NAME:c99extidentifier)";
				SKIP_INSTALL = YES;
				TARGETED_DEVICE_FAMILY = "1,2";
			};
			name = Debug;
		};
		6E8C3DBE24582E88004C08B1 /* Release */ = {
			isa = XCBuildConfiguration;
			baseConfigurationReference = 115569607C5F8820037E8F33 /* Pods-ZPSDK.release.xcconfig */;
			buildSettings = {
				CODE_SIGN_STYLE = Automatic;
				DEFINES_MODULE = YES;
				DEVELOPMENT_TEAM = 999V8C9JF7;
				DYLIB_COMPATIBILITY_VERSION = 1;
				DYLIB_CURRENT_VERSION = 1;
				DYLIB_INSTALL_NAME_BASE = "@rpath";
				INFOPLIST_FILE = ZPSDK/Info.plist;
				INSTALL_PATH = "$(LOCAL_LIBRARY_DIR)/Frameworks";
				LD_RUNPATH_SEARCH_PATHS = (
					"$(inherited)",
					"@executable_path/Frameworks",
					"@loader_path/Frameworks",
				);
				MACH_O_TYPE = staticlib;
				ONLY_ACTIVE_ARCH = NO;
				OTHER_LDFLAGS = "-ObjC";
				PRODUCT_BUNDLE_IDENTIFIER = com.zhangpengtechnology.ZPSDK;
				PRODUCT_NAME = "$(TARGET_NAME:c99extidentifier)";
				SKIP_INSTALL = YES;
				TARGETED_DEVICE_FAMILY = "1,2";
			};
			name = Release;
		};
		6E8C3DC024582E88004C08B1 /* Debug */ = {
			isa = XCBuildConfiguration;
			buildSettings = {
				CODE_SIGN_STYLE = Automatic;
				DEVELOPMENT_TEAM = 999V8C9JF7;
				INFOPLIST_FILE = ZPSDKTests/Info.plist;
				LD_RUNPATH_SEARCH_PATHS = (
					"$(inherited)",
					"@executable_path/Frameworks",
					"@loader_path/Frameworks",
				);
				PRODUCT_BUNDLE_IDENTIFIER = com.zhangpengtechnology.ZPSDKTests;
				PRODUCT_NAME = "$(TARGET_NAME)";
				TARGETED_DEVICE_FAMILY = "1,2";
			};
			name = Debug;
		};
		6E8C3DC124582E88004C08B1 /* Release */ = {
			isa = XCBuildConfiguration;
			buildSettings = {
				CODE_SIGN_STYLE = Automatic;
				DEVELOPMENT_TEAM = 999V8C9JF7;
				INFOPLIST_FILE = ZPSDKTests/Info.plist;
				LD_RUNPATH_SEARCH_PATHS = (
					"$(inherited)",
					"@executable_path/Frameworks",
					"@loader_path/Frameworks",
				);
				PRODUCT_BUNDLE_IDENTIFIER = com.zhangpengtechnology.ZPSDKTests;
				PRODUCT_NAME = "$(TARGET_NAME)";
				TARGETED_DEVICE_FAMILY = "1,2";
			};
			name = Release;
		};
/* End XCBuildConfiguration section */

/* Begin XCConfigurationList section */
		6E8C3DA224582E88004C08B1 /* Build configuration list for PBXProject "ZPSDK" */ = {
			isa = XCConfigurationList;
			buildConfigurations = (
				6E8C3DBA24582E88004C08B1 /* Debug */,
				6E8C3DBB24582E88004C08B1 /* Release */,
			);
			defaultConfigurationIsVisible = 0;
			defaultConfigurationName = Release;
		};
		6E8C3DBC24582E88004C08B1 /* Build configuration list for PBXNativeTarget "ZPSDK" */ = {
			isa = XCConfigurationList;
			buildConfigurations = (
				6E8C3DBD24582E88004C08B1 /* Debug */,
				6E8C3DBE24582E88004C08B1 /* Release */,
			);
			defaultConfigurationIsVisible = 0;
			defaultConfigurationName = Release;
		};
		6E8C3DBF24582E88004C08B1 /* Build configuration list for PBXNativeTarget "ZPSDKTests" */ = {
			isa = XCConfigurationList;
			buildConfigurations = (
				6E8C3DC024582E88004C08B1 /* Debug */,
				6E8C3DC124582E88004C08B1 /* Release */,
			);
			defaultConfigurationIsVisible = 0;
			defaultConfigurationName = Release;
		};
/* End XCConfigurationList section */
	};
	rootObject = 6E8C3D9F24582E88004C08B1 /* Project object */;
}
